
Microsoft Visual Studio Solution File, Format Version 12.00
# Visual Studio Version 17
VisualStudioVersion = 17.10.35013.160
MinimumVisualStudioVersion = 10.0.40219.1
Project("{FAE04EC0-301F-11D3-BF4B-00C04F79EFBC}") = "personel_kayıt_programı", "personel_kayıt_programı.csproj", "{4E647B55-FE00-4244-89ED-58FA53E1245B}"
EndProject
Global
	GlobalSection(SolutionConfigurationPlatforms) = preSolution
		Debug|Any CPU = Debug|Any CPU
		Release|Any CPU = Release|Any CPU
	EndGlobalSection
	GlobalSection(ProjectConfigurationPlatforms) = postSolution
		{4E647B55-FE00-4244-89ED-58FA53E1245B}.Debug|Any CPU.ActiveCfg = Debug|Any CPU
		{4E647B55-FE00-4244-89ED-58FA53E1245B}.Debug|Any CPU.Build.0 = Debug|Any CPU
		{4E647B55-FE00-4244-89ED-58FA53E1245B}.Release|Any CPU.ActiveCfg = Release|Any CPU
		{4E647B55-FE00-4244-89ED-58FA53E1245B}.Release|Any CPU.Build.0 = Release|Any CPU
	EndGlobalSection
	GlobalSection(SolutionProperties) = preSolution
		HideSolutionNode = FALSE
	EndGlobalSection
	GlobalSection(ExtensibilityGlobals) = postSolution
		SolutionGuid = {62C66ED3-EBCF-40EB-9ABF-0E53BD566A45}
	EndGlobalSection
EndGlobal
